
Microsoft Visual Studio Solution File, Format Version 12.00
# Visual Studio Version 17
VisualStudioVersion = 17.13.35818.85 d17.13
MinimumVisualStudioVersion = 10.0.40219.1
Project("{FAE04EC0-301F-11D3-BF4B-00C04F79EFBC}") = "Api", "Api\Api.csproj", "{0020693D-8028-47B5-BB35-EB1F1E6A4A52}"
EndProject
Project("{FAE04EC0-301F-11D3-BF4B-00C04F79EFBC}") = "Domain", "Domain\Domain.csproj", "{9F6F1D46-5118-484C-91BC-6063AD6699DE}"
EndProject
Global
	GlobalSection(SolutionConfigurationPlatforms) = preSolution
		Debug|Any CPU = Debug|Any CPU
		Release|Any CPU = Release|Any CPU
	EndGlobalSection
	GlobalSection(ProjectConfigurationPlatforms) = postSolution
		{0020693D-8028-47B5-BB35-EB1F1E6A4A52}.Debug|Any CPU.ActiveCfg = Debug|Any CPU
		{0020693D-8028-47B5-BB35-EB1F1E6A4A52}.Debug|Any CPU.Build.0 = Debug|Any CPU
		{0020693D-8028-47B5-BB35-EB1F1E6A4A52}.Release|Any CPU.ActiveCfg = Release|Any CPU
		{0020693D-8028-47B5-BB35-EB1F1E6A4A52}.Release|Any CPU.Build.0 = Release|Any CPU
		{9F6F1D46-5118-484C-91BC-6063AD6699DE}.Debug|Any CPU.ActiveCfg = Debug|Any CPU
		{9F6F1D46-5118-484C-91BC-6063AD6699DE}.Debug|Any CPU.Build.0 = Debug|Any CPU
		{9F6F1D46-5118-484C-91BC-6063AD6699DE}.Release|Any CPU.ActiveCfg = Release|Any CPU
		{9F6F1D46-5118-484C-91BC-6063AD6699DE}.Release|Any CPU.Build.0 = Release|Any CPU
	EndGlobalSection
	GlobalSection(SolutionProperties) = preSolution
		HideSolutionNode = FALSE
	EndGlobalSection
	GlobalSection(ExtensibilityGlobals) = postSolution
		SolutionGuid = {DF383EB9-7928-48D6-B458-669E0E600073}
	EndGlobalSection
EndGlobal
